// !$*UTF8*$!
{
	archiveVersion = 1;
	classes = {
	};
	objectVersion = 46;
	objects = {

/* Begin PBXBuildFile section */
		2F47435B1ECFD2E10093EB03 /* main.m in Sources */ = {isa = PBXBuildFile; fileRef = 2F47435A1ECFD2E10093EB03 /* main.m */; };
		2F47435E1ECFD2E10093EB03 /* AppDelegate.m in Sources */ = {isa = PBXBuildFile; fileRef = 2F47435D1ECFD2E10093EB03 /* AppDelegate.m */; };
		2F4743611ECFD2E10093EB03 /* MasterViewController.m in Sources */ = {isa = PBXBuildFile; fileRef = 2F4743601ECFD2E10093EB03 /* MasterViewController.m */; };
		2F4743641ECFD2E10093EB03 /* DetailViewController.m in Sources */ = {isa = PBXBuildFile; fileRef = 2F4743631ECFD2E10093EB03 /* DetailViewController.m */; };
		2F4743671ECFD2E10093EB03 /* Main.storyboard in Resources */ = {isa = PBXBuildFile; fileRef = 2F4743651ECFD2E10093EB03 /* Main.storyboard */; };
		2F4743691ECFD2E10093EB03 /* Assets.xcassets in Resources */ = {isa = PBXBuildFile; fileRef = 2F4743681ECFD2E10093EB03 /* Assets.xcassets */; };
		2F47436C1ECFD2E10093EB03 /* LaunchScreen.storyboard in Resources */ = {isa = PBXBuildFile; fileRef = 2F47436A1ECFD2E10093EB03 /* LaunchScreen.storyboard */; };
		2F4743771ECFD2E20093EB03 /* LccThrottleTests.m in Sources */ = {isa = PBXBuildFile; fileRef = 2F4743761ECFD2E20093EB03 /* LccThrottleTests.m */; };
		2F4743821ECFD2E20093EB03 /* LccThrottleUITests.m in Sources */ = {isa = PBXBuildFile; fileRef = 2F4743811ECFD2E20093EB03 /* LccThrottleUITests.m */; };
/* End PBXBuildFile section */

/* Begin PBXContainerItemProxy section */
		2F4743731ECFD2E20093EB03 /* PBXContainerItemProxy */ = {
			isa = PBXContainerItemProxy;
			containerPortal = 2F47434E1ECFD2E10093EB03 /* Project object */;
			proxyType = 1;
			remoteGlobalIDString = 2F4743551ECFD2E10093EB03;
			remoteInfo = LccThrottle;
		};
		2F47437E1ECFD2E20093EB03 /* PBXContainerItemProxy */ = {
			isa = PBXContainerItemProxy;
			containerPortal = 2F47434E1ECFD2E10093EB03 /* Project object */;
			proxyType = 1;
			remoteGlobalIDString = 2F4743551ECFD2E10093EB03;
			remoteInfo = LccThrottle;
		};
/* End PBXContainerItemProxy section */

/* Begin PBXFileReference section */
		2F4743561ECFD2E10093EB03 /* LccThrottle.app */ = {isa = PBXFileReference; explicitFileType = wrapper.application; includeInIndex = 0; path = LccThrottle.app; sourceTree = BUILT_PRODUCTS_DIR; };
		2F47435A1ECFD2E10093EB03 /* main.m */ = {isa = PBXFileReference; lastKnownFileType = sourcecode.c.objc; path = main.m; sourceTree = "<group>"; };
		2F47435C1ECFD2E10093EB03 /* AppDelegate.h */ = {isa = PBXFileReference; lastKnownFileType = sourcecode.c.h; path = AppDelegate.h; sourceTree = "<group>"; };
		2F47435D1ECFD2E10093EB03 /* AppDelegate.m */ = {isa = PBXFileReference; lastKnownFileType = sourcecode.c.objc; path = AppDelegate.m; sourceTree = "<group>"; };
		2F47435F1ECFD2E10093EB03 /* MasterViewController.h */ = {isa = PBXFileReference; lastKnownFileType = sourcecode.c.h; path = MasterViewController.h; sourceTree = "<group>"; };
		2F4743601ECFD2E10093EB03 /* MasterViewController.m */ = {isa = PBXFileReference; lastKnownFileType = sourcecode.c.objc; path = MasterViewController.m; sourceTree = "<group>"; };
		2F4743621ECFD2E10093EB03 /* DetailViewController.h */ = {isa = PBXFileReference; lastKnownFileType = sourcecode.c.h; path = DetailViewController.h; sourceTree = "<group>"; };
		2F4743631ECFD2E10093EB03 /* DetailViewController.m */ = {isa = PBXFileReference; lastKnownFileType = sourcecode.c.objc; path = DetailViewController.m; sourceTree = "<group>"; };
		2F4743661ECFD2E10093EB03 /* Base */ = {isa = PBXFileReference; lastKnownFileType = file.storyboard; name = Base; path = Base.lproj/Main.storyboard; sourceTree = "<group>"; };
		2F4743681ECFD2E10093EB03 /* Assets.xcassets */ = {isa = PBXFileReference; lastKnownFileType = folder.assetcatalog; path = Assets.xcassets; sourceTree = "<group>"; };
		2F47436B1ECFD2E10093EB03 /* Base */ = {isa = PBXFileReference; lastKnownFileType = file.storyboard; name = Base; path = Base.lproj/LaunchScreen.storyboard; sourceTree = "<group>"; };
		2F47436D1ECFD2E10093EB03 /* Info.plist */ = {isa = PBXFileReference; lastKnownFileType = text.plist.xml; path = Info.plist; sourceTree = "<group>"; };
		2F4743721ECFD2E20093EB03 /* LccThrottleTests.xctest */ = {isa = PBXFileReference; explicitFileType = wrapper.cfbundle; includeInIndex = 0; path = LccThrottleTests.xctest; sourceTree = BUILT_PRODUCTS_DIR; };
		2F4743761ECFD2E20093EB03 /* LccThrottleTests.m */ = {isa = PBXFileReference; lastKnownFileType = sourcecode.c.objc; path = LccThrottleTests.m; sourceTree = "<group>"; };
		2F4743781ECFD2E20093EB03 /* Info.plist */ = {isa = PBXFileReference; lastKnownFileType = text.plist.xml; path = Info.plist; sourceTree = "<group>"; };
		2F47437D1ECFD2E20093EB03 /* LccThrottleUITests.xctest */ = {isa = PBXFileReference; explicitFileType = wrapper.cfbundle; includeInIndex = 0; path = LccThrottleUITests.xctest; sourceTree = BUILT_PRODUCTS_DIR; };
		2F4743811ECFD2E20093EB03 /* LccThrottleUITests.m */ = {isa = PBXFileReference; lastKnownFileType = sourcecode.c.objc; path = LccThrottleUITests.m; sourceTree = "<group>"; };
		2F4743831ECFD2E20093EB03 /* Info.plist */ = {isa = PBXFileReference; lastKnownFileType = text.plist.xml; path = Info.plist; sourceTree = "<group>"; };
/* End PBXFileReference section */

/* Begin PBXFrameworksBuildPhase section */
		2F4743531ECFD2E10093EB03 /* Frameworks */ = {
			isa = PBXFrameworksBuildPhase;
			buildActionMask = 2147483647;
			files = (
			);
			runOnlyForDeploymentPostprocessing = 0;
		};
		2F47436F1ECFD2E20093EB03 /* Frameworks */ = {
			isa = PBXFrameworksBuildPhase;
			buildActionMask = 2147483647;
			files = (
			);
			runOnlyForDeploymentPostprocessing = 0;
		};
		2F47437A1ECFD2E20093EB03 /* Frameworks */ = {
			isa = PBXFrameworksBuildPhase;
			buildActionMask = 2147483647;
			files = (
			);
			runOnlyForDeploymentPostprocessing = 0;
		};
/* End PBXFrameworksBuildPhase section */

/* Begin PBXGroup section */
		2F47434D1ECFD2E10093EB03 = {
			isa = PBXGroup;
			children = (
				2F4743581ECFD2E10093EB03 /* LccThrottle */,
				2F4743751ECFD2E20093EB03 /* LccThrottleTests */,
				2F4743801ECFD2E20093EB03 /* LccThrottleUITests */,
				2F4743571ECFD2E10093EB03 /* Products */,
			);
			sourceTree = "<group>";
		};
		2F4743571ECFD2E10093EB03 /* Products */ = {
			isa = PBXGroup;
			children = (
				2F4743561ECFD2E10093EB03 /* LccThrottle.app */,
				2F4743721ECFD2E20093EB03 /* LccThrottleTests.xctest */,
				2F47437D1ECFD2E20093EB03 /* LccThrottleUITests.xctest */,
			);
			name = Products;
			sourceTree = "<group>";
		};
		2F4743581ECFD2E10093EB03 /* LccThrottle */ = {
			isa = PBXGroup;
			children = (
				2F47435C1ECFD2E10093EB03 /* AppDelegate.h */,
				2F47435D1ECFD2E10093EB03 /* AppDelegate.m */,
				2F47435F1ECFD2E10093EB03 /* MasterViewController.h */,
				2F4743601ECFD2E10093EB03 /* MasterViewController.m */,
				2F4743621ECFD2E10093EB03 /* DetailViewController.h */,
				2F4743631ECFD2E10093EB03 /* DetailViewController.m */,
				2F4743651ECFD2E10093EB03 /* Main.storyboard */,
				2F4743681ECFD2E10093EB03 /* Assets.xcassets */,
				2F47436A1ECFD2E10093EB03 /* LaunchScreen.storyboard */,
				2F47436D1ECFD2E10093EB03 /* Info.plist */,
				2F4743591ECFD2E10093EB03 /* Supporting Files */,
			);
			path = LccThrottle;
			sourceTree = "<group>";
		};
		2F4743591ECFD2E10093EB03 /* Supporting Files */ = {
			isa = PBXGroup;
			children = (
				2F47435A1ECFD2E10093EB03 /* main.m */,
			);
			name = "Supporting Files";
			sourceTree = "<group>";
		};
		2F4743751ECFD2E20093EB03 /* LccThrottleTests */ = {
			isa = PBXGroup;
			children = (
				2F4743761ECFD2E20093EB03 /* LccThrottleTests.m */,
				2F4743781ECFD2E20093EB03 /* Info.plist */,
			);
			path = LccThrottleTests;
			sourceTree = "<group>";
		};
		2F4743801ECFD2E20093EB03 /* LccThrottleUITests */ = {
			isa = PBXGroup;
			children = (
				2F4743811ECFD2E20093EB03 /* LccThrottleUITests.m */,
				2F4743831ECFD2E20093EB03 /* Info.plist */,
			);
			path = LccThrottleUITests;
			sourceTree = "<group>";
		};
/* End PBXGroup section */

/* Begin PBXNativeTarget section */
		2F4743551ECFD2E10093EB03 /* LccThrottle */ = {
			isa = PBXNativeTarget;
			buildConfigurationList = 2F4743861ECFD2E20093EB03 /* Build configuration list for PBXNativeTarget "LccThrottle" */;
			buildPhases = (
				2F4743521ECFD2E10093EB03 /* Sources */,
				2F4743531ECFD2E10093EB03 /* Frameworks */,
				2F4743541ECFD2E10093EB03 /* Resources */,
			);
			buildRules = (
			);
			dependencies = (
			);
			name = LccThrottle;
			productName = LccThrottle;
			productReference = 2F4743561ECFD2E10093EB03 /* LccThrottle.app */;
			productType = "com.apple.product-type.application";
		};
		2F4743711ECFD2E20093EB03 /* LccThrottleTests */ = {
			isa = PBXNativeTarget;
			buildConfigurationList = 2F4743891ECFD2E20093EB03 /* Build configuration list for PBXNativeTarget "LccThrottleTests" */;
			buildPhases = (
				2F47436E1ECFD2E20093EB03 /* Sources */,
				2F47436F1ECFD2E20093EB03 /* Frameworks */,
				2F4743701ECFD2E20093EB03 /* Resources */,
			);
			buildRules = (
			);
			dependencies = (
				2F4743741ECFD2E20093EB03 /* PBXTargetDependency */,
			);
			name = LccThrottleTests;
			productName = LccThrottleTests;
			productReference = 2F4743721ECFD2E20093EB03 /* LccThrottleTests.xctest */;
			productType = "com.apple.product-type.bundle.unit-test";
		};
		2F47437C1ECFD2E20093EB03 /* LccThrottleUITests */ = {
			isa = PBXNativeTarget;
			buildConfigurationList = 2F47438C1ECFD2E20093EB03 /* Build configuration list for PBXNativeTarget "LccThrottleUITests" */;
			buildPhases = (
				2F4743791ECFD2E20093EB03 /* Sources */,
				2F47437A1ECFD2E20093EB03 /* Frameworks */,
				2F47437B1ECFD2E20093EB03 /* Resources */,
			);
			buildRules = (
			);
			dependencies = (
				2F47437F1ECFD2E20093EB03 /* PBXTargetDependency */,
			);
			name = LccThrottleUITests;
			productName = LccThrottleUITests;
			productReference = 2F47437D1ECFD2E20093EB03 /* LccThrottleUITests.xctest */;
			productType = "com.apple.product-type.bundle.ui-testing";
		};
/* End PBXNativeTarget section */

/* Begin PBXProject section */
		2F47434E1ECFD2E10093EB03 /* Project object */ = {
			isa = PBXProject;
			attributes = {
				LastUpgradeCheck = 0720;
				ORGANIZATIONNAME = "Jim Kueneman";
				TargetAttributes = {
					2F4743551ECFD2E10093EB03 = {
						CreatedOnToolsVersion = 7.2.1;
						DevelopmentTeam = UV6M4DY5LG;
					};
					2F4743711ECFD2E20093EB03 = {
						CreatedOnToolsVersion = 7.2.1;
						TestTargetID = 2F4743551ECFD2E10093EB03;
					};
					2F47437C1ECFD2E20093EB03 = {
						CreatedOnToolsVersion = 7.2.1;
						TestTargetID = 2F4743551ECFD2E10093EB03;
					};
				};
			};
			buildConfigurationList = 2F4743511ECFD2E10093EB03 /* Build configuration list for PBXProject "LccThrottle" */;
			compatibilityVersion = "Xcode 3.2";
			developmentRegion = English;
			hasScannedForEncodings = 0;
			knownRegions = (
				en,
				Base,
			);
			mainGroup = 2F47434D1ECFD2E10093EB03;
			productRefGroup = 2F4743571ECFD2E10093EB03 /* Products */;
			projectDirPath = "";
			projectRoot = "";
			targets = (
				2F4743551ECFD2E10093EB03 /* LccThrottle */,
				2F4743711ECFD2E20093EB03 /* LccThrottleTests */,
				2F47437C1ECFD2E20093EB03 /* LccThrottleUITests */,
			);
		};
/* End PBXProject section */

/* Begin PBXResourcesBuildPhase section */
		2F4743541ECFD2E10093EB03 /* Resources */ = {
			isa = PBXResourcesBuildPhase;
			buildActionMask = 2147483647;
			files = (
				2F47436C1ECFD2E10093EB03 /* LaunchScreen.storyboard in Resources */,
				2F4743691ECFD2E10093EB03 /* Assets.xcassets in Resources */,
				2F4743671ECFD2E10093EB03 /* Main.storyboard in Resources */,
			);
			runOnlyForDeploymentPostprocessing = 0;
		};
		2F4743701ECFD2E20093EB03 /* Resources */ = {
			isa = PBXResourcesBuildPhase;
			buildActionMask = 2147483647;
			files = (
			);
			runOnlyForDeploymentPostprocessing = 0;
		};
		2F47437B1ECFD2E20093EB03 /* Resources */ = {
			isa = PBXResourcesBuildPhase;
			buildActionMask = 2147483647;
			files = (
			);
			runOnlyForDeploymentPostprocessing = 0;
		};
/* End PBXResourcesBuildPhase section */

/* Begin PBXSourcesBuildPhase section */
		2F4743521ECFD2E10093EB03 /* Sources */ = {
			isa = PBXSourcesBuildPhase;
			buildActionMask = 2147483647;
			files = (
				2F47435E1ECFD2E10093EB03 /* AppDelegate.m in Sources */,
				2F4743611ECFD2E10093EB03 /* MasterViewController.m in Sources */,
				2F47435B1ECFD2E10093EB03 /* main.m in Sources */,
				2F4743641ECFD2E10093EB03 /* DetailViewController.m in Sources */,
			);
			runOnlyForDeploymentPostprocessing = 0;
		};
		2F47436E1ECFD2E20093EB03 /* Sources */ = {
			isa = PBXSourcesBuildPhase;
			buildActionMask = 2147483647;
			files = (
				2F4743771ECFD2E20093EB03 /* LccThrottleTests.m in Sources */,
			);
			runOnlyForDeploymentPostprocessing = 0;
		};
		2F4743791ECFD2E20093EB03 /* Sources */ = {
			isa = PBXSourcesBuildPhase;
			buildActionMask = 2147483647;
			files = (
				2F4743821ECFD2E20093EB03 /* LccThrottleUITests.m in Sources */,
			);
			runOnlyForDeploymentPostprocessing = 0;
		};
/* End PBXSourcesBuildPhase section */

/* Begin PBXTargetDependency section */
		2F4743741ECFD2E20093EB03 /* PBXTargetDependency */ = {
			isa = PBXTargetDependency;
			target = 2F4743551ECFD2E10093EB03 /* LccThrottle */;
			targetProxy = 2F4743731ECFD2E20093EB03 /* PBXContainerItemProxy */;
		};
		2F47437F1ECFD2E20093EB03 /* PBXTargetDependency */ = {
			isa = PBXTargetDependency;
			target = 2F4743551ECFD2E10093EB03 /* LccThrottle */;
			targetProxy = 2F47437E1ECFD2E20093EB03 /* PBXContainerItemProxy */;
		};
/* End PBXTargetDependency section */

/* Begin PBXVariantGroup section */
		2F4743651ECFD2E10093EB03 /* Main.storyboard */ = {
			isa = PBXVariantGroup;
			children = (
				2F4743661ECFD2E10093EB03 /* Base */,
			);
			name = Main.storyboard;
			sourceTree = "<group>";
		};
		2F47436A1ECFD2E10093EB03 /* LaunchScreen.storyboard */ = {
			isa = PBXVariantGroup;
			children = (
				2F47436B1ECFD2E10093EB03 /* Base */,
			);
			name = LaunchScreen.storyboard;
			sourceTree = "<group>";
		};
/* End PBXVariantGroup section */

/* Begin XCBuildConfiguration section */
		2F4743841ECFD2E20093EB03 /* Debug */ = {
			isa = XCBuildConfiguration;
			buildSettings = {
				ALWAYS_SEARCH_USER_PATHS = NO;
				CLANG_CXX_LANGUAGE_STANDARD = "gnu++0x";
				CLANG_CXX_LIBRARY = "libc++";
				CLANG_ENABLE_MODULES = YES;
				CLANG_ENABLE_OBJC_ARC = YES;
				CLANG_WARN_BOOL_CONVERSION = YES;
				CLANG_WARN_CONSTANT_CONVERSION = YES;
				CLANG_WARN_DIRECT_OBJC_ISA_USAGE = YES_ERROR;
				CLANG_WARN_EMPTY_BODY = YES;
				CLANG_WARN_ENUM_CONVERSION = YES;
				CLANG_WARN_INT_CONVERSION = YES;
				CLANG_WARN_OBJC_ROOT_CLASS = YES_ERROR;
				CLANG_WARN_UNREACHABLE_CODE = YES;
				CLANG_WARN__DUPLICATE_METHOD_MATCH = YES;
				"CODE_SIGN_IDENTITY[sdk=iphoneos*]" = "iPhone Developer";
				COPY_PHASE_STRIP = NO;
				DEBUG_INFORMATION_FORMAT = dwarf;
				ENABLE_STRICT_OBJC_MSGSEND = YES;
				ENABLE_TESTABILITY = YES;
				GCC_C_LANGUAGE_STANDARD = gnu99;
				GCC_DYNAMIC_NO_PIC = NO;
				GCC_NO_COMMON_BLOCKS = YES;
				GCC_OPTIMIZATION_LEVEL = 0;
				GCC_PREPROCESSOR_DEFINITIONS = (
					"DEBUG=1",
					"$(inherited)",
				);
				GCC_WARN_64_TO_32_BIT_CONVERSION = YES;
				GCC_WARN_ABOUT_RETURN_TYPE = YES_ERROR;
				GCC_WARN_UNDECLARED_SELECTOR = YES;
				GCC_WARN_UNINITIALIZED_AUTOS = YES_AGGRESSIVE;
				GCC_WARN_UNUSED_FUNCTION = YES;
				GCC_WARN_UNUSED_VARIABLE = YES;
				IPHONEOS_DEPLOYMENT_TARGET = 9.0;
				MTL_ENABLE_DEBUG_INFO = YES;
				ONLY_ACTIVE_ARCH = YES;
				SDKROOT = iphoneos;
				TARGETED_DEVICE_FAMILY = "1,2";
			};
			name = Debug;
		};
		2F4743851ECFD2E20093EB03 /* Release */ = {
			isa = XCBuildConfiguration;
			buildSettings = {
				ALWAYS_SEARCH_USER_PATHS = NO;
				CLANG_CXX_LANGUAGE_STANDARD = "gnu++0x";
				CLANG_CXX_LIBRARY = "libc++";
				CLANG_ENABLE_MODULES = YES;
				CLANG_ENABLE_OBJC_ARC = YES;
				CLANG_WARN_BOOL_CONVERSION = YES;
				CLANG_WARN_CONSTANT_CONVERSION = YES;
				CLANG_WARN_DIRECT_OBJC_ISA_USAGE = YES_ERROR;
				CLANG_WARN_EMPTY_BODY = YES;
				CLANG_WARN_ENUM_CONVERSION = YES;
				CLANG_WARN_INT_CONVERSION = YES;
				CLANG_WARN_OBJC_ROOT_CLASS = YES_ERROR;
				CLANG_WARN_UNREACHABLE_CODE = YES;
				CLANG_WARN__DUPLICATE_METHOD_MATCH = YES;
				"CODE_SIGN_IDENTITY[sdk=iphoneos*]" = "iPhone Developer";
				COPY_PHASE_STRIP = NO;
				DEBUG_INFORMATION_FORMAT = "dwarf-with-dsym";
				ENABLE_NS_ASSERTIONS = NO;
				ENABLE_STRICT_OBJC_MSGSEND = YES;
				GCC_C_LANGUAGE_STANDARD = gnu99;
				GCC_NO_COMMON_BLOCKS = YES;
				GCC_WARN_64_TO_32_BIT_CONVERSION = YES;
				GCC_WARN_ABOUT_RETURN_TYPE = YES_ERROR;
				GCC_WARN_UNDECLARED_SELECTOR = YES;
				GCC_WARN_UNINITIALIZED_AUTOS = YES_AGGRESSIVE;
				GCC_WARN_UNUSED_FUNCTION = YES;
				GCC_WARN_UNUSED_VARIABLE = YES;
				IPHONEOS_DEPLOYMENT_TARGET = 9.0;
				MTL_ENABLE_DEBUG_INFO = NO;
				SDKROOT = iphoneos;
				TARGETED_DEVICE_FAMILY = "1,2";
				VALIDATE_PRODUCT = YES;
			};
			name = Release;
		};
		2F4743871ECFD2E20093EB03 /* Debug */ = {
			isa = XCBuildConfiguration;
			buildSettings = {
				ASSETCATALOG_COMPILER_APPICON_NAME = AppIcon;
				CODE_SIGN_IDENTITY = "iPhone Developer";
				"CODE_SIGN_IDENTITY[sdk=iphoneos*]" = "iPhone Developer";
				INFOPLIST_FILE = LccThrottle/Info.plist;
				LD_RUNPATH_SEARCH_PATHS = "$(inherited) @executable_path/Frameworks";
				PRODUCT_BUNDLE_IDENTIFIER = Mustangpeak.LccThrottle;
				PRODUCT_NAME = "$(TARGET_NAME)";
				PROVISIONING_PROFILE = "";
			};
			name = Debug;
		};
		2F4743881ECFD2E20093EB03 /* Release */ = {
			isa = XCBuildConfiguration;
			buildSettings = {
				ASSETCATALOG_COMPILER_APPICON_NAME = AppIcon;
				CODE_SIGN_IDENTITY = "iPhone Developer";
				"CODE_SIGN_IDENTITY[sdk=iphoneos*]" = "iPhone Developer";
				INFOPLIST_FILE = LccThrottle/Info.plist;
				LD_RUNPATH_SEARCH_PATHS = "$(inherited) @executable_path/Frameworks";
				PRODUCT_BUNDLE_IDENTIFIER = Mustangpeak.LccThrottle;
				PRODUCT_NAME = "$(TARGET_NAME)";
				PROVISIONING_PROFILE = "";
			};
			name = Release;
		};
		2F47438A1ECFD2E20093EB03 /* Debug */ = {
			isa = XCBuildConfiguration;
			buildSettings = {
				BUNDLE_LOADER = "$(TEST_HOST)";
				INFOPLIST_FILE = LccThrottleTests/Info.plist;
				LD_RUNPATH_SEARCH_PATHS = "$(inherited) @executable_path/Frameworks @loader_path/Frameworks";
				PRODUCT_BUNDLE_IDENTIFIER = Mustangpeak.LccThrottleTests;
				PRODUCT_NAME = "$(TARGET_NAME)";
				TEST_HOST = "$(BUILT_PRODUCTS_DIR)/LccThrottle.app/LccThrottle";
			};
			name = Debug;
		};
		2F47438B1ECFD2E20093EB03 /* Release */ = {
			isa = XCBuildConfiguration;
			buildSettings = {
				BUNDLE_LOADER = "$(TEST_HOST)";
				INFOPLIST_FILE = LccThrottleTests/Info.plist;
				LD_RUNPATH_SEARCH_PATHS = "$(inherited) @executable_path/Frameworks @loader_path/Frameworks";
				PRODUCT_BUNDLE_IDENTIFIER = Mustangpeak.LccThrottleTests;
				PRODUCT_NAME = "$(TARGET_NAME)";
				TEST_HOST = "$(BUILT_PRODUCTS_DIR)/LccThrottle.app/LccThrottle";
			};
			name = Release;
		};
		2F47438D1ECFD2E20093EB03 /* Debug */ = {
			isa = XCBuildConfiguration;
			buildSettings = {
				INFOPLIST_FILE = LccThrottleUITests/Info.plist;
				LD_RUNPATH_SEARCH_PATHS = "$(inherited) @executable_path/Frameworks @loader_path/Frameworks";
				PRODUCT_BUNDLE_IDENTIFIER = Mustangpeak.LccThrottleUITests;
				PRODUCT_NAME = "$(TARGET_NAME)";
				TEST_TARGET_NAME = LccThrottle;
				USES_XCTRUNNER = YES;
			};
			name = Debug;
		};
		2F47438E1ECFD2E20093EB03 /* Release */ = {
			isa = XCBuildConfiguration;
			buildSettings = {
				INFOPLIST_FILE = LccThrottleUITests/Info.plist;
				LD_RUNPATH_SEARCH_PATHS = "$(inherited) @executable_path/Frameworks @loader_path/Frameworks";
				PRODUCT_BUNDLE_IDENTIFIER = Mustangpeak.LccThrottleUITests;
				PRODUCT_NAME = "$(TARGET_NAME)";
				TEST_TARGET_NAME = LccThrottle;
				USES_XCTRUNNER = YES;
			};
			name = Release;
		};
/* End XCBuildConfiguration section */

/* Begin XCConfigurationList section */
		2F4743511ECFD2E10093EB03 /* Build configuration list for PBXProject "LccThrottle" */ = {
			isa = XCConfigurationList;
			buildConfigurations = (
				2F4743841ECFD2E20093EB03 /* Debug */,
				2F4743851ECFD2E20093EB03 /* Release */,
			);
			defaultConfigurationIsVisible = 0;
			defaultConfigurationName = Release;
		};
		2F4743861ECFD2E20093EB03 /* Build configuration list for PBXNativeTarget "LccThrottle" */ = {
			isa = XCConfigurationList;
			buildConfigurations = (
				2F4743871ECFD2E20093EB03 /* Debug */,
				2F4743881ECFD2E20093EB03 /* Release */,
			);
			defaultConfigurationIsVisible = 0;
			defaultConfigurationName = Release;
		};
		2F4743891ECFD2E20093EB03 /* Build configuration list for PBXNativeTarget "LccThrottleTests" */ = {
			isa = XCConfigurationList;
			buildConfigurations = (
				2F47438A1ECFD2E20093EB03 /* Debug */,
				2F47438B1ECFD2E20093EB03 /* Release */,
			);
			defaultConfigurationIsVisible = 0;
			defaultConfigurationName = Release;
		};
		2F47438C1ECFD2E20093EB03 /* Build configuration list for PBXNativeTarget "LccThrottleUITests" */ = {
			isa = XCConfigurationList;
			buildConfigurations = (
				2F47438D1ECFD2E20093EB03 /* Debug */,
				2F47438E1ECFD2E20093EB03 /* Release */,
			);
			defaultConfigurationIsVisible = 0;
			defaultConfigurationName = Release;
		};
/* End XCConfigurationList section */
	};
	rootObject = 2F47434E1ECFD2E10093EB03 /* Project object */;
}
